
Microsoft Visual Studio Solution File, Format Version 12.00
# Visual Studio 14
VisualStudioVersion = 14.0.24720.0
MinimumVisualStudioVersion = 10.0.40219.1
Project("{2150E333-8FDC-42A3-9474-1A3956D46DE8}") = "TasksBuildera", "TasksBuildera", "{C49216BC-8663-4FB8-96A3-1B24B334A594}"
EndProject
Project("{FAE04EC0-301F-11D3-BF4B-00C04F79EFBC}") = "TasksBuilder", "src\TasksBuilder.Core\TasksBuilder.csproj", "{274C966B-3F90-43C8-9F67-8EAE1FCC8E2D}"
EndProject
Project("{FAE04EC0-301F-11D3-BF4B-00C04F79EFBC}") = "TasksBuilder.AzureResourceManager", "src\TasksBuilder.AzureResourceManager\TasksBuilder.AzureResourceManager.csproj", "{D67EA103-01B0-4CDB-A6C2-4FABC5498139}"
EndProject
Project("{FAE04EC0-301F-11D3-BF4B-00C04F79EFBC}") = "TasksBuilder.KeyVault", "src\TasksBuilder.KeyVault\TasksBuilder.KeyVault.csproj", "{4266963C-D429-4FBB-ADBB-F1445471536E}"
EndProject
Project("{2150E333-8FDC-42A3-9474-1A3956D46DE8}") = ".nuget", ".nuget", "{053EF88A-5E86-415F-95E0-20ABD4D36C34}"
	ProjectSection(SolutionItems) = preProject
		.nuget\NuGet.Config = .nuget\NuGet.Config
	EndProjectSection
EndProject
Project("{2150E333-8FDC-42A3-9474-1A3956D46DE8}") = "Apps", "Apps", "{65ACA999-A78B-45FA-AEBC-93BEE94BF682}"
EndProject
Project("{FAE04EC0-301F-11D3-BF4B-00C04F79EFBC}") = "VSTeamServicesTaskGenerator", "apps\VSTeamServicesTaskGenerator\VSTeamServicesTaskGenerator.csproj", "{C1DB2C62-E053-472B-B50F-068D0DC2DA9F}"
EndProject
Project("{2150E333-8FDC-42A3-9474-1A3956D46DE8}") = ".licenses", ".licenses", "{9870EC89-D141-4DEB-8048-E3064E7CD42F}"
	ProjectSection(SolutionItems) = preProject
		default.licenseheader = default.licenseheader
	EndProjectSection
EndProject
Project("{2150E333-8FDC-42A3-9474-1A3956D46DE8}") = "Tasks", "Tasks", "{ABCEA0C8-E5C0-4038-86B7-8A81DB9700CD}"
EndProject
Project("{FAE04EC0-301F-11D3-BF4B-00C04F79EFBC}") = "UpdateNugetPackageVersionsTask", "tasks\UpdateNugetPackageVersionsTask\UpdateNugetPackageVersionsTask.csproj", "{D91464C3-A104-4247-9C62-21CE5E6E00C5}"
EndProject
Global
	GlobalSection(SolutionConfigurationPlatforms) = preSolution
		Debug|Any CPU = Debug|Any CPU
		Release|Any CPU = Release|Any CPU
	EndGlobalSection
	GlobalSection(ProjectConfigurationPlatforms) = postSolution
		{274C966B-3F90-43C8-9F67-8EAE1FCC8E2D}.Debug|Any CPU.ActiveCfg = Debug|Any CPU
		{274C966B-3F90-43C8-9F67-8EAE1FCC8E2D}.Debug|Any CPU.Build.0 = Debug|Any CPU
		{274C966B-3F90-43C8-9F67-8EAE1FCC8E2D}.Release|Any CPU.ActiveCfg = Release|Any CPU
		{274C966B-3F90-43C8-9F67-8EAE1FCC8E2D}.Release|Any CPU.Build.0 = Release|Any CPU
		{D67EA103-01B0-4CDB-A6C2-4FABC5498139}.Debug|Any CPU.ActiveCfg = Debug|Any CPU
		{D67EA103-01B0-4CDB-A6C2-4FABC5498139}.Debug|Any CPU.Build.0 = Debug|Any CPU
		{D67EA103-01B0-4CDB-A6C2-4FABC5498139}.Release|Any CPU.ActiveCfg = Release|Any CPU
		{D67EA103-01B0-4CDB-A6C2-4FABC5498139}.Release|Any CPU.Build.0 = Release|Any CPU
		{4266963C-D429-4FBB-ADBB-F1445471536E}.Debug|Any CPU.ActiveCfg = Debug|Any CPU
		{4266963C-D429-4FBB-ADBB-F1445471536E}.Debug|Any CPU.Build.0 = Debug|Any CPU
		{4266963C-D429-4FBB-ADBB-F1445471536E}.Release|Any CPU.ActiveCfg = Release|Any CPU
		{4266963C-D429-4FBB-ADBB-F1445471536E}.Release|Any CPU.Build.0 = Release|Any CPU
		{C1DB2C62-E053-472B-B50F-068D0DC2DA9F}.Debug|Any CPU.ActiveCfg = Debug|Any CPU
		{C1DB2C62-E053-472B-B50F-068D0DC2DA9F}.Debug|Any CPU.Build.0 = Debug|Any CPU
		{C1DB2C62-E053-472B-B50F-068D0DC2DA9F}.Release|Any CPU.ActiveCfg = Release|Any CPU
		{C1DB2C62-E053-472B-B50F-068D0DC2DA9F}.Release|Any CPU.Build.0 = Release|Any CPU
		{D91464C3-A104-4247-9C62-21CE5E6E00C5}.Debug|Any CPU.ActiveCfg = Debug|Any CPU
		{D91464C3-A104-4247-9C62-21CE5E6E00C5}.Debug|Any CPU.Build.0 = Debug|Any CPU
		{D91464C3-A104-4247-9C62-21CE5E6E00C5}.Release|Any CPU.ActiveCfg = Release|Any CPU
		{D91464C3-A104-4247-9C62-21CE5E6E00C5}.Release|Any CPU.Build.0 = Release|Any CPU
	EndGlobalSection
	GlobalSection(SolutionProperties) = preSolution
		HideSolutionNode = FALSE
	EndGlobalSection
	GlobalSection(NestedProjects) = preSolution
		{C1DB2C62-E053-472B-B50F-068D0DC2DA9F} = {65ACA999-A78B-45FA-AEBC-93BEE94BF682}
		{D91464C3-A104-4247-9C62-21CE5E6E00C5} = {ABCEA0C8-E5C0-4038-86B7-8A81DB9700CD}
	EndGlobalSection
EndGlobal
